// !$*UTF8*$!
{
	archiveVersion = 1;
	classes = {
	};
	objectVersion = 77;
	objects = {

/* Begin PBXBuildFile section */
		B9E942332DCC5EC600CE8CBA /* WidgetKit.framework in Frameworks */ = {isa = PBXBuildFile; fileRef = B9E942322DCC5EC600CE8CBA /* WidgetKit.framework */; };
		B9E942352DCC5EC600CE8CBA /* SwiftUI.framework in Frameworks */ = {isa = PBXBuildFile; fileRef = B9E942342DCC5EC600CE8CBA /* SwiftUI.framework */; };
		B9E942462DCC5EC800CE8CBA /* LockAndWorkWidgetExtension.appex in Embed Foundation Extensions */ = {isa = PBXBuildFile; fileRef = B9E942302DCC5EC600CE8CBA /* LockAndWorkWidgetExtension.appex */; settings = {ATTRIBUTES = (RemoveHeadersOnCopy, ); }; };
		B9E9424F2DCC62A300CE8CBA /* SharedActivityAttributes.swift in Sources */ = {isa = PBXBuildFile; fileRef = B9E9424E2DCC629500CE8CBA /* SharedActivityAttributes.swift */; };
		B9E942972DCC643900CE8CBA /* SharedActivityAttributes.swift in Sources */ = {isa = PBXBuildFile; fileRef = B9E9424E2DCC629500CE8CBA /* SharedActivityAttributes.swift */; };
/* End PBXBuildFile section */

/* Begin PBXContainerItemProxy section */
		B9E942442DCC5EC800CE8CBA /* PBXContainerItemProxy */ = {
			isa = PBXContainerItemProxy;
			containerPortal = B9FCCF762DCB1C9100D469F6 /* Project object */;
			proxyType = 1;
			remoteGlobalIDString = B9E9422F2DCC5EC600CE8CBA;
			remoteInfo = LockAndWorkWidgetExtension;
		};
/* End PBXContainerItemProxy section */

/* Begin PBXCopyFilesBuildPhase section */
		B9E9424B2DCC5EC800CE8CBA /* Embed Foundation Extensions */ = {
			isa = PBXCopyFilesBuildPhase;
			buildActionMask = 2147483647;
			dstPath = "";
			dstSubfolderSpec = 13;
			files = (
				B9E942462DCC5EC800CE8CBA /* LockAndWorkWidgetExtension.appex in Embed Foundation Extensions */,
			);
			name = "Embed Foundation Extensions";
			runOnlyForDeploymentPostprocessing = 0;
		};
/* End PBXCopyFilesBuildPhase section */

/* Begin PBXFileReference section */
		B9E942302DCC5EC600CE8CBA /* LockAndWorkWidgetExtension.appex */ = {isa = PBXFileReference; explicitFileType = "wrapper.app-extension"; includeInIndex = 0; path = LockAndWorkWidgetExtension.appex; sourceTree = BUILT_PRODUCTS_DIR; };
		B9E942322DCC5EC600CE8CBA /* WidgetKit.framework */ = {isa = PBXFileReference; lastKnownFileType = wrapper.framework; name = WidgetKit.framework; path = System/Library/Frameworks/WidgetKit.framework; sourceTree = SDKROOT; };
		B9E942342DCC5EC600CE8CBA /* SwiftUI.framework */ = {isa = PBXFileReference; lastKnownFileType = wrapper.framework; name = SwiftUI.framework; path = System/Library/Frameworks/SwiftUI.framework; sourceTree = SDKROOT; };
		B9E9424E2DCC629500CE8CBA /* SharedActivityAttributes.swift */ = {isa = PBXFileReference; lastKnownFileType = sourcecode.swift; path = SharedActivityAttributes.swift; sourceTree = "<group>"; };
		B9FCCF7E2DCB1C9100D469F6 /* LockAndWork.app */ = {isa = PBXFileReference; explicitFileType = wrapper.application; includeInIndex = 0; path = LockAndWork.app; sourceTree = BUILT_PRODUCTS_DIR; };
/* End PBXFileReference section */

/* Begin PBXFileSystemSynchronizedBuildFileExceptionSet section */
		B9E9424A2DCC5EC800CE8CBA /* Exceptions for "LockAndWorkWidget" folder in "LockAndWorkWidgetExtension" target */ = {
			isa = PBXFileSystemSynchronizedBuildFileExceptionSet;
			membershipExceptions = (
				Info.plist,
			);
			target = B9E9422F2DCC5EC600CE8CBA /* LockAndWorkWidgetExtension */;
		};
		B9E942992DCC654700CE8CBA /* Exceptions for "Models" folder in "LockAndWorkWidgetExtension" target */ = {
			isa = PBXFileSystemSynchronizedBuildFileExceptionSet;
			membershipExceptions = (
				BlockType.swift,
			);
			target = B9E9422F2DCC5EC600CE8CBA /* LockAndWorkWidgetExtension */;
		};
		B9FCCFEF2DCB215A00D469F6 /* Exceptions for "LockAndWork" folder in "LockAndWork" target */ = {
			isa = PBXFileSystemSynchronizedBuildFileExceptionSet;
			membershipExceptions = (
				Info.plist,
			);
			target = B9FCCF7D2DCB1C9100D469F6 /* LockAndWork */;
		};
/* End PBXFileSystemSynchronizedBuildFileExceptionSet section */

/* Begin PBXFileSystemSynchronizedRootGroup section */
		B9E942362DCC5EC600CE8CBA /* LockAndWorkWidget */ = {
			isa = PBXFileSystemSynchronizedRootGroup;
			exceptions = (
				B9E9424A2DCC5EC800CE8CBA /* Exceptions for "LockAndWorkWidget" folder in "LockAndWorkWidgetExtension" target */,
			);
			path = LockAndWorkWidget;
			sourceTree = "<group>";
		};
		B9FCCF802DCB1C9100D469F6 /* LockAndWork */ = {
			isa = PBXFileSystemSynchronizedRootGroup;
			exceptions = (
				B9FCCFEF2DCB215A00D469F6 /* Exceptions for "LockAndWork" folder in "LockAndWork" target */,
			);
			path = LockAndWork;
			sourceTree = "<group>";
		};
		B9FCCF8E2DCB1CC600D469F6 /* App */ = {
			isa = PBXFileSystemSynchronizedRootGroup;
			path = App;
			sourceTree = "<group>";
		};
		B9FCCF952DCB1CE700D469F6 /* Models */ = {
			isa = PBXFileSystemSynchronizedRootGroup;
			exceptions = (
				B9E942992DCC654700CE8CBA /* Exceptions for "Models" folder in "LockAndWorkWidgetExtension" target */,
			);
			path = Models;
			sourceTree = "<group>";
		};
		B9FCCFA12DCB1D1500D469F6 /* Services */ = {
			isa = PBXFileSystemSynchronizedRootGroup;
			path = Services;
			sourceTree = "<group>";
		};
		B9FCCFAB2DCB1D3D00D469F6 /* ViewModels */ = {
			isa = PBXFileSystemSynchronizedRootGroup;
			path = ViewModels;
			sourceTree = "<group>";
		};
		B9FCCFB52DCB1D6600D469F6 /* Views */ = {
			isa = PBXFileSystemSynchronizedRootGroup;
			path = Views;
			sourceTree = "<group>";
		};
		B9FCCFDA2DCB1DF500D469F6 /* Resources */ = {
			isa = PBXFileSystemSynchronizedRootGroup;
			path = Resources;
			sourceTree = "<group>";
		};
/* End PBXFileSystemSynchronizedRootGroup section */

/* Begin PBXFrameworksBuildPhase section */
		B9E9422D2DCC5EC600CE8CBA /* Frameworks */ = {
			isa = PBXFrameworksBuildPhase;
			buildActionMask = 2147483647;
			files = (
				B9E942352DCC5EC600CE8CBA /* SwiftUI.framework in Frameworks */,
				B9E942332DCC5EC600CE8CBA /* WidgetKit.framework in Frameworks */,
			);
			runOnlyForDeploymentPostprocessing = 0;
		};
		B9FCCF7B2DCB1C9100D469F6 /* Frameworks */ = {
			isa = PBXFrameworksBuildPhase;
			buildActionMask = 2147483647;
			files = (
			);
			runOnlyForDeploymentPostprocessing = 0;
		};
/* End PBXFrameworksBuildPhase section */

/* Begin PBXGroup section */
		B9E942312DCC5EC600CE8CBA /* Frameworks */ = {
			isa = PBXGroup;
			children = (
				B9E942322DCC5EC600CE8CBA /* WidgetKit.framework */,
				B9E942342DCC5EC600CE8CBA /* SwiftUI.framework */,
			);
			name = Frameworks;
			sourceTree = "<group>";
		};
		B9FCCF752DCB1C9100D469F6 = {
			isa = PBXGroup;
			children = (
				B9E9424E2DCC629500CE8CBA /* SharedActivityAttributes.swift */,
				B9FCCFDA2DCB1DF500D469F6 /* Resources */,
				B9FCCFB52DCB1D6600D469F6 /* Views */,
				B9FCCFAB2DCB1D3D00D469F6 /* ViewModels */,
				B9FCCFA12DCB1D1500D469F6 /* Services */,
				B9FCCF952DCB1CE700D469F6 /* Models */,
				B9FCCF8E2DCB1CC600D469F6 /* App */,
				B9FCCF802DCB1C9100D469F6 /* LockAndWork */,
				B9E942362DCC5EC600CE8CBA /* LockAndWorkWidget */,
				B9E942312DCC5EC600CE8CBA /* Frameworks */,
				B9FCCF7F2DCB1C9100D469F6 /* Products */,
			);
			sourceTree = "<group>";
		};
		B9FCCF7F2DCB1C9100D469F6 /* Products */ = {
			isa = PBXGroup;
			children = (
				B9FCCF7E2DCB1C9100D469F6 /* LockAndWork.app */,
				B9E942302DCC5EC600CE8CBA /* LockAndWorkWidgetExtension.appex */,
			);
			name = Products;
			sourceTree = "<group>";
		};
/* End PBXGroup section */

/* Begin PBXNativeTarget section */
		B9E9422F2DCC5EC600CE8CBA /* LockAndWorkWidgetExtension */ = {
			isa = PBXNativeTarget;
			buildConfigurationList = B9E942472DCC5EC800CE8CBA /* Build configuration list for PBXNativeTarget "LockAndWorkWidgetExtension" */;
			buildPhases = (
				B9E9422C2DCC5EC600CE8CBA /* Sources */,
				B9E9422D2DCC5EC600CE8CBA /* Frameworks */,
				B9E9422E2DCC5EC600CE8CBA /* Resources */,
			);
			buildRules = (
			);
			dependencies = (
			);
			fileSystemSynchronizedGroups = (
				B9E942362DCC5EC600CE8CBA /* LockAndWorkWidget */,
			);
			name = LockAndWorkWidgetExtension;
			packageProductDependencies = (
			);
			productName = LockAndWorkWidgetExtension;
			productReference = B9E942302DCC5EC600CE8CBA /* LockAndWorkWidgetExtension.appex */;
			productType = "com.apple.product-type.app-extension";
		};
		B9FCCF7D2DCB1C9100D469F6 /* LockAndWork */ = {
			isa = PBXNativeTarget;
			buildConfigurationList = B9FCCF8B2DCB1C9400D469F6 /* Build configuration list for PBXNativeTarget "LockAndWork" */;
			buildPhases = (
				B9FCCF7A2DCB1C9100D469F6 /* Sources */,
				B9FCCF7B2DCB1C9100D469F6 /* Frameworks */,
				B9FCCF7C2DCB1C9100D469F6 /* Resources */,
				B9E9424B2DCC5EC800CE8CBA /* Embed Foundation Extensions */,
			);
			buildRules = (
			);
			dependencies = (
				B9E942452DCC5EC800CE8CBA /* PBXTargetDependency */,
			);
			fileSystemSynchronizedGroups = (
				B9FCCF802DCB1C9100D469F6 /* LockAndWork */,
				B9FCCF8E2DCB1CC600D469F6 /* App */,
				B9FCCF952DCB1CE700D469F6 /* Models */,
				B9FCCFA12DCB1D1500D469F6 /* Services */,
				B9FCCFAB2DCB1D3D00D469F6 /* ViewModels */,
				B9FCCFB52DCB1D6600D469F6 /* Views */,
				B9FCCFDA2DCB1DF500D469F6 /* Resources */,
			);
			name = LockAndWork;
			packageProductDependencies = (
			);
			productName = LockAndWork;
			productReference = B9FCCF7E2DCB1C9100D469F6 /* LockAndWork.app */;
			productType = "com.apple.product-type.application";
		};
/* End PBXNativeTarget section */

/* Begin PBXProject section */
		B9FCCF762DCB1C9100D469F6 /* Project object */ = {
			isa = PBXProject;
			attributes = {
				BuildIndependentTargetsInParallel = 1;
				LastSwiftUpdateCheck = 1630;
				LastUpgradeCheck = 1630;
				TargetAttributes = {
					B9E9422F2DCC5EC600CE8CBA = {
						CreatedOnToolsVersion = 16.3;
					};
					B9FCCF7D2DCB1C9100D469F6 = {
						CreatedOnToolsVersion = 16.3;
						LastSwiftMigration = 1630;
					};
				};
			};
			buildConfigurationList = B9FCCF792DCB1C9100D469F6 /* Build configuration list for PBXProject "LockAndWork" */;
			developmentRegion = en;
			hasScannedForEncodings = 0;
			knownRegions = (
				en,
				Base,
			);
			mainGroup = B9FCCF752DCB1C9100D469F6;
			minimizedProjectReferenceProxies = 1;
			preferredProjectObjectVersion = 77;
			productRefGroup = B9FCCF7F2DCB1C9100D469F6 /* Products */;
			projectDirPath = "";
			projectRoot = "";
			targets = (
				B9FCCF7D2DCB1C9100D469F6 /* LockAndWork */,
				B9E9422F2DCC5EC600CE8CBA /* LockAndWorkWidgetExtension */,
			);
		};
/* End PBXProject section */

/* Begin PBXResourcesBuildPhase section */
		B9E9422E2DCC5EC600CE8CBA /* Resources */ = {
			isa = PBXResourcesBuildPhase;
			buildActionMask = 2147483647;
			files = (
			);
			runOnlyForDeploymentPostprocessing = 0;
		};
		B9FCCF7C2DCB1C9100D469F6 /* Resources */ = {
			isa = PBXResourcesBuildPhase;
			buildActionMask = 2147483647;
			files = (
			);
			runOnlyForDeploymentPostprocessing = 0;
		};
/* End PBXResourcesBuildPhase section */

/* Begin PBXSourcesBuildPhase section */
		B9E9422C2DCC5EC600CE8CBA /* Sources */ = {
			isa = PBXSourcesBuildPhase;
			buildActionMask = 2147483647;
			files = (
				B9E942972DCC643900CE8CBA /* SharedActivityAttributes.swift in Sources */,
			);
			runOnlyForDeploymentPostprocessing = 0;
		};
		B9FCCF7A2DCB1C9100D469F6 /* Sources */ = {
			isa = PBXSourcesBuildPhase;
			buildActionMask = 2147483647;
			files = (
				B9E9424F2DCC62A300CE8CBA /* SharedActivityAttributes.swift in Sources */,
			);
			runOnlyForDeploymentPostprocessing = 0;
		};
/* End PBXSourcesBuildPhase section */

/* Begin PBXTargetDependency section */
		B9E942452DCC5EC800CE8CBA /* PBXTargetDependency */ = {
			isa = PBXTargetDependency;
			target = B9E9422F2DCC5EC600CE8CBA /* LockAndWorkWidgetExtension */;
			targetProxy = B9E942442DCC5EC800CE8CBA /* PBXContainerItemProxy */;
		};
/* End PBXTargetDependency section */

/* Begin XCBuildConfiguration section */
		B9E942482DCC5EC800CE8CBA /* Debug */ = {
			isa = XCBuildConfiguration;
			buildSettings = {
				ASSETCATALOG_COMPILER_GLOBAL_ACCENT_COLOR_NAME = AccentColor;
				ASSETCATALOG_COMPILER_WIDGET_BACKGROUND_COLOR_NAME = WidgetBackground;
				CODE_SIGN_STYLE = Automatic;
				CURRENT_PROJECT_VERSION = 1;
				DEVELOPMENT_TEAM = WQCQ3T6U7T;
				GENERATE_INFOPLIST_FILE = YES;
				INFOPLIST_FILE = LockAndWorkWidget/Info.plist;
				INFOPLIST_KEY_CFBundleDisplayName = LockAndWorkWidget;
				INFOPLIST_KEY_NSHumanReadableCopyright = "";
				LD_RUNPATH_SEARCH_PATHS = (
					"$(inherited)",
					"@executable_path/Frameworks",
					"@executable_path/../../Frameworks",
				);
				MARKETING_VERSION = 1.0;
				PRODUCT_BUNDLE_IDENTIFIER = "com.christian-arzaluz.LockAndWork.LockAndWorkWidget";
				PRODUCT_NAME = "$(TARGET_NAME)";
				SKIP_INSTALL = YES;
				SWIFT_EMIT_LOC_STRINGS = YES;
				SWIFT_VERSION = 5.0;
				TARGETED_DEVICE_FAMILY = "1,2";
			};
			name = Debug;
		};
		B9E942492DCC5EC800CE8CBA /* Release */ = {
			isa = XCBuildConfiguration;
			buildSettings = {
				ASSETCATALOG_COMPILER_GLOBAL_ACCENT_COLOR_NAME = AccentColor;
				ASSETCATALOG_COMPILER_WIDGET_BACKGROUND_COLOR_NAME = WidgetBackground;
				CODE_SIGN_STYLE = Automatic;
				CURRENT_PROJECT_VERSION = 1;
				DEVELOPMENT_TEAM = WQCQ3T6U7T;
				GENERATE_INFOPLIST_FILE = YES;
				INFOPLIST_FILE = LockAndWorkWidget/Info.plist;
				INFOPLIST_KEY_CFBundleDisplayName = LockAndWorkWidget;
				INFOPLIST_KEY_NSHumanReadableCopyright = "";
				LD_RUNPATH_SEARCH_PATHS = (
					"$(inherited)",
					"@executable_path/Frameworks",
					"@executable_path/../../Frameworks",
				);
				MARKETING_VERSION = 1.0;
				PRODUCT_BUNDLE_IDENTIFIER = "com.christian-arzaluz.LockAndWork.LockAndWorkWidget";
				PRODUCT_NAME = "$(TARGET_NAME)";
				SKIP_INSTALL = YES;
				SWIFT_EMIT_LOC_STRINGS = YES;
				SWIFT_VERSION = 5.0;
				TARGETED_DEVICE_FAMILY = "1,2";
			};
			name = Release;
		};
		B9FCCF892DCB1C9400D469F6 /* Debug */ = {
			isa = XCBuildConfiguration;
			buildSettings = {
				ALWAYS_SEARCH_USER_PATHS = NO;
				ASSETCATALOG_COMPILER_GENERATE_SWIFT_ASSET_SYMBOL_EXTENSIONS = YES;
				CLANG_ANALYZER_NONNULL = YES;
				CLANG_ANALYZER_NUMBER_OBJECT_CONVERSION = YES_AGGRESSIVE;
				CLANG_CXX_LANGUAGE_STANDARD = "gnu++20";
				CLANG_ENABLE_MODULES = YES;
				CLANG_ENABLE_OBJC_ARC = YES;
				CLANG_ENABLE_OBJC_WEAK = YES;
				CLANG_WARN_BLOCK_CAPTURE_AUTORELEASING = YES;
				CLANG_WARN_BOOL_CONVERSION = YES;
				CLANG_WARN_COMMA = YES;
				CLANG_WARN_CONSTANT_CONVERSION = YES;
				CLANG_WARN_DEPRECATED_OBJC_IMPLEMENTATIONS = YES;
				CLANG_WARN_DIRECT_OBJC_ISA_USAGE = YES_ERROR;
				CLANG_WARN_DOCUMENTATION_COMMENTS = YES;
				CLANG_WARN_EMPTY_BODY = YES;
				CLANG_WARN_ENUM_CONVERSION = YES;
				CLANG_WARN_INFINITE_RECURSION = YES;
				CLANG_WARN_INT_CONVERSION = YES;
				CLANG_WARN_NON_LITERAL_NULL_CONVERSION = YES;
				CLANG_WARN_OBJC_IMPLICIT_RETAIN_SELF = YES;
				CLANG_WARN_OBJC_LITERAL_CONVERSION = YES;
				CLANG_WARN_OBJC_ROOT_CLASS = YES_ERROR;
				CLANG_WARN_QUOTED_INCLUDE_IN_FRAMEWORK_HEADER = YES;
				CLANG_WARN_RANGE_LOOP_ANALYSIS = YES;
				CLANG_WARN_STRICT_PROTOTYPES = YES;
				CLANG_WARN_SUSPICIOUS_MOVE = YES;
				CLANG_WARN_UNGUARDED_AVAILABILITY = YES_AGGRESSIVE;
				CLANG_WARN_UNREACHABLE_CODE = YES;
				CLANG_WARN__DUPLICATE_METHOD_MATCH = YES;
				COPY_PHASE_STRIP = NO;
				DEBUG_INFORMATION_FORMAT = dwarf;
				DEVELOPMENT_TEAM = WQCQ3T6U7T;
				ENABLE_STRICT_OBJC_MSGSEND = YES;
				ENABLE_TESTABILITY = YES;
				ENABLE_USER_SCRIPT_SANDBOXING = YES;
				GCC_C_LANGUAGE_STANDARD = gnu17;
				GCC_DYNAMIC_NO_PIC = NO;
				GCC_NO_COMMON_BLOCKS = YES;
				GCC_OPTIMIZATION_LEVEL = 0;
				GCC_PREPROCESSOR_DEFINITIONS = (
					"DEBUG=1",
					"$(inherited)",
				);
				GCC_WARN_64_TO_32_BIT_CONVERSION = YES;
				GCC_WARN_ABOUT_RETURN_TYPE = YES_ERROR;
				GCC_WARN_UNDECLARED_SELECTOR = YES;
				GCC_WARN_UNINITIALIZED_AUTOS = YES_AGGRESSIVE;
				GCC_WARN_UNUSED_FUNCTION = YES;
				GCC_WARN_UNUSED_VARIABLE = YES;
				IPHONEOS_DEPLOYMENT_TARGET = 18.4;
				LOCALIZATION_PREFERS_STRING_CATALOGS = YES;
				MTL_ENABLE_DEBUG_INFO = INCLUDE_SOURCE;
				MTL_FAST_MATH = YES;
				ONLY_ACTIVE_ARCH = YES;
				SDKROOT = iphoneos;
				SWIFT_ACTIVE_COMPILATION_CONDITIONS = "DEBUG $(inherited)";
				SWIFT_EMIT_LOC_STRINGS = YES;
				SWIFT_OPTIMIZATION_LEVEL = "-Onone";
			};
			name = Debug;
		};
		B9FCCF8A2DCB1C9400D469F6 /* Release */ = {
			isa = XCBuildConfiguration;
			buildSettings = {
				ALWAYS_SEARCH_USER_PATHS = NO;
				ASSETCATALOG_COMPILER_GENERATE_SWIFT_ASSET_SYMBOL_EXTENSIONS = YES;
				CLANG_ANALYZER_NONNULL = YES;
				CLANG_ANALYZER_NUMBER_OBJECT_CONVERSION = YES_AGGRESSIVE;
				CLANG_CXX_LANGUAGE_STANDARD = "gnu++20";
				CLANG_ENABLE_MODULES = YES;
				CLANG_ENABLE_OBJC_ARC = YES;
				CLANG_ENABLE_OBJC_WEAK = YES;
				CLANG_WARN_BLOCK_CAPTURE_AUTORELEASING = YES;
				CLANG_WARN_BOOL_CONVERSION = YES;
				CLANG_WARN_COMMA = YES;
				CLANG_WARN_CONSTANT_CONVERSION = YES;
				CLANG_WARN_DEPRECATED_OBJC_IMPLEMENTATIONS = YES;
				CLANG_WARN_DIRECT_OBJC_ISA_USAGE = YES_ERROR;
				CLANG_WARN_DOCUMENTATION_COMMENTS = YES;
				CLANG_WARN_EMPTY_BODY = YES;
				CLANG_WARN_ENUM_CONVERSION = YES;
				CLANG_WARN_INFINITE_RECURSION = YES;
				CLANG_WARN_INT_CONVERSION = YES;
				CLANG_WARN_NON_LITERAL_NULL_CONVERSION = YES;
				CLANG_WARN_OBJC_IMPLICIT_RETAIN_SELF = YES;
				CLANG_WARN_OBJC_LITERAL_CONVERSION = YES;
				CLANG_WARN_OBJC_ROOT_CLASS = YES_ERROR;
				CLANG_WARN_QUOTED_INCLUDE_IN_FRAMEWORK_HEADER = YES;
				CLANG_WARN_RANGE_LOOP_ANALYSIS = YES;
				CLANG_WARN_STRICT_PROTOTYPES = YES;
				CLANG_WARN_SUSPICIOUS_MOVE = YES;
				CLANG_WARN_UNGUARDED_AVAILABILITY = YES_AGGRESSIVE;
				CLANG_WARN_UNREACHABLE_CODE = YES;
				CLANG_WARN__DUPLICATE_METHOD_MATCH = YES;
				COPY_PHASE_STRIP = NO;
				DEBUG_INFORMATION_FORMAT = "dwarf-with-dsym";
				DEVELOPMENT_TEAM = WQCQ3T6U7T;
				ENABLE_NS_ASSERTIONS = NO;
				ENABLE_STRICT_OBJC_MSGSEND = YES;
				ENABLE_USER_SCRIPT_SANDBOXING = YES;
				GCC_C_LANGUAGE_STANDARD = gnu17;
				GCC_NO_COMMON_BLOCKS = YES;
				GCC_WARN_64_TO_32_BIT_CONVERSION = YES;
				GCC_WARN_ABOUT_RETURN_TYPE = YES_ERROR;
				GCC_WARN_UNDECLARED_SELECTOR = YES;
				GCC_WARN_UNINITIALIZED_AUTOS = YES_AGGRESSIVE;
				GCC_WARN_UNUSED_FUNCTION = YES;
				GCC_WARN_UNUSED_VARIABLE = YES;
				IPHONEOS_DEPLOYMENT_TARGET = 18.4;
				LOCALIZATION_PREFERS_STRING_CATALOGS = YES;
				MTL_ENABLE_DEBUG_INFO = NO;
				MTL_FAST_MATH = YES;
				SDKROOT = iphoneos;
				SWIFT_COMPILATION_MODE = wholemodule;
				SWIFT_EMIT_LOC_STRINGS = YES;
				VALIDATE_PRODUCT = YES;
			};
			name = Release;
		};
		B9FCCF8C2DCB1C9400D469F6 /* Debug */ = {
			isa = XCBuildConfiguration;
			buildSettings = {
				ASSETCATALOG_COMPILER_APPICON_NAME = AppIcon;
				ASSETCATALOG_COMPILER_GLOBAL_ACCENT_COLOR_NAME = AccentColor;
				CLANG_ENABLE_MODULES = YES;
				CODE_SIGN_ENTITLEMENTS = LockAndWork/LockAndWork.entitlements;
				CODE_SIGN_STYLE = Automatic;
				CURRENT_PROJECT_VERSION = 1;
				DEVELOPMENT_TEAM = WQCQ3T6U7T;
				ENABLE_PREVIEWS = YES;
				GENERATE_INFOPLIST_FILE = YES;
				INFOPLIST_FILE = LockAndWork/Info.plist;
				INFOPLIST_KEY_UIApplicationSceneManifest_Generation = YES;
				INFOPLIST_KEY_UIApplicationSupportsIndirectInputEvents = YES;
				INFOPLIST_KEY_UILaunchScreen_Generation = YES;
				INFOPLIST_KEY_UISupportedInterfaceOrientations_iPad = "UIInterfaceOrientationPortrait UIInterfaceOrientationPortraitUpsideDown UIInterfaceOrientationLandscapeLeft UIInterfaceOrientationLandscapeRight";
				INFOPLIST_KEY_UISupportedInterfaceOrientations_iPhone = "UIInterfaceOrientationPortrait UIInterfaceOrientationLandscapeLeft UIInterfaceOrientationLandscapeRight";
				LD_RUNPATH_SEARCH_PATHS = (
					"$(inherited)",
					"@executable_path/Frameworks",
				);
				MARKETING_VERSION = 1.0;
				PRODUCT_BUNDLE_IDENTIFIER = "com.christian-arzaluz.LockAndWork";
				PRODUCT_NAME = "$(TARGET_NAME)";
				SWIFT_EMIT_LOC_STRINGS = YES;
				SWIFT_OPTIMIZATION_LEVEL = "-Onone";
				SWIFT_VERSION = 5.0;
				TARGETED_DEVICE_FAMILY = "1,2";
			};
			name = Debug;
		};
		B9FCCF8D2DCB1C9400D469F6 /* Release */ = {
			isa = XCBuildConfiguration;
			buildSettings = {
				ASSETCATALOG_COMPILER_APPICON_NAME = AppIcon;
				ASSETCATALOG_COMPILER_GLOBAL_ACCENT_COLOR_NAME = AccentColor;
				CLANG_ENABLE_MODULES = YES;
				CODE_SIGN_ENTITLEMENTS = LockAndWork/LockAndWork.entitlements;
				CODE_SIGN_STYLE = Automatic;
				CURRENT_PROJECT_VERSION = 1;
				DEVELOPMENT_TEAM = WQCQ3T6U7T;
				ENABLE_PREVIEWS = YES;
				GENERATE_INFOPLIST_FILE = YES;
				INFOPLIST_FILE = LockAndWork/Info.plist;
				INFOPLIST_KEY_UIApplicationSceneManifest_Generation = YES;
				INFOPLIST_KEY_UIApplicationSupportsIndirectInputEvents = YES;
				INFOPLIST_KEY_UILaunchScreen_Generation = YES;
				INFOPLIST_KEY_UISupportedInterfaceOrientations_iPad = "UIInterfaceOrientationPortrait UIInterfaceOrientationPortraitUpsideDown UIInterfaceOrientationLandscapeLeft UIInterfaceOrientationLandscapeRight";
				INFOPLIST_KEY_UISupportedInterfaceOrientations_iPhone = "UIInterfaceOrientationPortrait UIInterfaceOrientationLandscapeLeft UIInterfaceOrientationLandscapeRight";
				LD_RUNPATH_SEARCH_PATHS = (
					"$(inherited)",
					"@executable_path/Frameworks",
				);
				MARKETING_VERSION = 1.0;
				PRODUCT_BUNDLE_IDENTIFIER = "com.christian-arzaluz.LockAndWork";
				PRODUCT_NAME = "$(TARGET_NAME)";
				SWIFT_EMIT_LOC_STRINGS = YES;
				SWIFT_VERSION = 5.0;
				TARGETED_DEVICE_FAMILY = "1,2";
			};
			name = Release;
		};
/* End XCBuildConfiguration section */

/* Begin XCConfigurationList section */
		B9E942472DCC5EC800CE8CBA /* Build configuration list for PBXNativeTarget "LockAndWorkWidgetExtension" */ = {
			isa = XCConfigurationList;
			buildConfigurations = (
				B9E942482DCC5EC800CE8CBA /* Debug */,
				B9E942492DCC5EC800CE8CBA /* Release */,
			);
			defaultConfigurationIsVisible = 0;
			defaultConfigurationName = Release;
		};
		B9FCCF792DCB1C9100D469F6 /* Build configuration list for PBXProject "LockAndWork" */ = {
			isa = XCConfigurationList;
			buildConfigurations = (
				B9FCCF892DCB1C9400D469F6 /* Debug */,
				B9FCCF8A2DCB1C9400D469F6 /* Release */,
			);
			defaultConfigurationIsVisible = 0;
			defaultConfigurationName = Release;
		};
		B9FCCF8B2DCB1C9400D469F6 /* Build configuration list for PBXNativeTarget "LockAndWork" */ = {
			isa = XCConfigurationList;
			buildConfigurations = (
				B9FCCF8C2DCB1C9400D469F6 /* Debug */,
				B9FCCF8D2DCB1C9400D469F6 /* Release */,
			);
			defaultConfigurationIsVisible = 0;
			defaultConfigurationName = Release;
		};
/* End XCConfigurationList section */
	};
	rootObject = B9FCCF762DCB1C9100D469F6 /* Project object */;
}
